
Microsoft Visual Studio Solution File, Format Version 12.00
# Visual Studio Version 16
VisualStudioVersion = 16.0.30907.101
MinimumVisualStudioVersion = 10.0.40219.1
Project("{FAE04EC0-301F-11D3-BF4B-00C04F79EFBC}") = "TargetProcess.Web", "TargetProcess.Web\TargetProcess.Web.csproj", "{78E465E0-407D-4881-AFDE-23D333FC12FA}"
EndProject
Project("{2150E333-8FDC-42A3-9474-1A3956D46DE8}") = "Database", "Database", "{47DE6AD7-FFA6-47CA-8991-FE347CA92B5C}"
EndProject
Project("{00D1A9C2-B5F0-4AF3-8072-F6C62B433612}") = "TargetProcess.Database.System", "TargetProcess.Database.System\TargetProcess.Database.System.sqlproj", "{4594D9DB-EC55-4E5C-9D79-2CD089F1D71B}"
EndProject
Project("{2150E333-8FDC-42A3-9474-1A3956D46DE8}") = "Tests", "Tests", "{C266968A-1B27-4FAD-8EC3-5BA1FF4229B5}"
EndProject
Project("{2150E333-8FDC-42A3-9474-1A3956D46DE8}") = "Common", "Common", "{7DC1F713-52D3-4FA2-BAEE-B4CDE64E1B7C}"
EndProject
Project("{FAE04EC0-301F-11D3-BF4B-00C04F79EFBC}") = "TargetProcess.Common", "TargetProcess.Common\TargetProcess.Common.csproj", "{35236D6F-44F6-4310-82B7-4409E8B74ADB}"
EndProject
Project("{FAE04EC0-301F-11D3-BF4B-00C04F79EFBC}") = "TargetProcess.Common.Models.API.Enums", "TargetProcess.Common.Models.API.Enums\TargetProcess.Common.Models.API.Enums.csproj", "{64FCFED9-864B-4DE9-A3CA-E780317A7334}"
EndProject
Project("{FAE04EC0-301F-11D3-BF4B-00C04F79EFBC}") = "TargetProcess.Common.Services", "TargetProcess.Common.Services\TargetProcess.Common.Services.csproj", "{C7BBEB06-98C8-4ECA-A5DC-9A708D847271}"
EndProject
Project("{2150E333-8FDC-42A3-9474-1A3956D46DE8}") = "Domain", "Domain", "{3FFB90A4-3C80-4D7A-8123-C5DA7228570D}"
EndProject
Project("{2150E333-8FDC-42A3-9474-1A3956D46DE8}") = "Common", "Common", "{E4362DED-340B-43A0-874D-3D11480C9703}"
EndProject
Project("{2150E333-8FDC-42A3-9474-1A3956D46DE8}") = "System", "System", "{45457A48-F992-4976-9FB6-34859EACEB1C}"
EndProject
Project("{FAE04EC0-301F-11D3-BF4B-00C04F79EFBC}") = "TargetProcess.Domain.System.Commands", "TargetProcess.Domain.System.Commands\TargetProcess.Domain.System.Commands.csproj", "{46BA805B-5BA5-4633-AF76-3FB8B3274156}"
EndProject
Project("{FAE04EC0-301F-11D3-BF4B-00C04F79EFBC}") = "TargetProcess.Domain.System.Queries", "TargetProcess.Domain.System.Queries\TargetProcess.Domain.System.Queries.csproj", "{5DA02244-9049-4F46-92D9-B787DD1DFE76}"
EndProject
Project("{2150E333-8FDC-42A3-9474-1A3956D46DE8}") = "Infrastructure", "Infrastructure", "{6AE1830F-F0BC-40D7-99BC-963BFB4504F3}"
EndProject
Project("{FAE04EC0-301F-11D3-BF4B-00C04F79EFBC}") = "TargetProcess.DataAccess", "TargetProcess.DataAccess\TargetProcess.DataAccess.csproj", "{44774A59-49C7-4155-9353-B4CC036BDB77}"
EndProject
Project("{FAE04EC0-301F-11D3-BF4B-00C04F79EFBC}") = "TargetProcess.Common.Models", "TargetProcess.Common.Models\TargetProcess.Common.Models.csproj", "{24B4A405-2822-43E4-8D7D-BA222EEBA940}"
EndProject
Project("{2150E333-8FDC-42A3-9474-1A3956D46DE8}") = "Composition", "Composition", "{30B12D7A-8B9A-4817-A54E-71ED50DECF8A}"
EndProject
Project("{FAE04EC0-301F-11D3-BF4B-00C04F79EFBC}") = "TargetProcess.Composition", "TargetProcess.Composition\TargetProcess.Composition.csproj", "{21E79FDD-0586-4440-B721-A9AE9D72121E}"
EndProject
Project("{FAE04EC0-301F-11D3-BF4B-00C04F79EFBC}") = "TargetProcess.Composition.Common", "TargetProcess.Composition.Common\TargetProcess.Composition.Common.csproj", "{4604B043-6C6A-45DF-B2D9-73565080D24A}"
EndProject
Global
	GlobalSection(SolutionConfigurationPlatforms) = preSolution
		Debug|Any CPU = Debug|Any CPU
		Release|Any CPU = Release|Any CPU
	EndGlobalSection
	GlobalSection(ProjectConfigurationPlatforms) = postSolution
		{78E465E0-407D-4881-AFDE-23D333FC12FA}.Debug|Any CPU.ActiveCfg = Debug|Any CPU
		{78E465E0-407D-4881-AFDE-23D333FC12FA}.Debug|Any CPU.Build.0 = Debug|Any CPU
		{78E465E0-407D-4881-AFDE-23D333FC12FA}.Release|Any CPU.ActiveCfg = Release|Any CPU
		{78E465E0-407D-4881-AFDE-23D333FC12FA}.Release|Any CPU.Build.0 = Release|Any CPU
		{4594D9DB-EC55-4E5C-9D79-2CD089F1D71B}.Debug|Any CPU.ActiveCfg = Debug|Any CPU
		{4594D9DB-EC55-4E5C-9D79-2CD089F1D71B}.Debug|Any CPU.Build.0 = Debug|Any CPU
		{4594D9DB-EC55-4E5C-9D79-2CD089F1D71B}.Debug|Any CPU.Deploy.0 = Debug|Any CPU
		{4594D9DB-EC55-4E5C-9D79-2CD089F1D71B}.Release|Any CPU.ActiveCfg = Release|Any CPU
		{4594D9DB-EC55-4E5C-9D79-2CD089F1D71B}.Release|Any CPU.Build.0 = Release|Any CPU
		{4594D9DB-EC55-4E5C-9D79-2CD089F1D71B}.Release|Any CPU.Deploy.0 = Release|Any CPU
		{35236D6F-44F6-4310-82B7-4409E8B74ADB}.Debug|Any CPU.ActiveCfg = Debug|Any CPU
		{35236D6F-44F6-4310-82B7-4409E8B74ADB}.Debug|Any CPU.Build.0 = Debug|Any CPU
		{35236D6F-44F6-4310-82B7-4409E8B74ADB}.Release|Any CPU.ActiveCfg = Release|Any CPU
		{35236D6F-44F6-4310-82B7-4409E8B74ADB}.Release|Any CPU.Build.0 = Release|Any CPU
		{64FCFED9-864B-4DE9-A3CA-E780317A7334}.Debug|Any CPU.ActiveCfg = Debug|Any CPU
		{64FCFED9-864B-4DE9-A3CA-E780317A7334}.Debug|Any CPU.Build.0 = Debug|Any CPU
		{64FCFED9-864B-4DE9-A3CA-E780317A7334}.Release|Any CPU.ActiveCfg = Release|Any CPU
		{64FCFED9-864B-4DE9-A3CA-E780317A7334}.Release|Any CPU.Build.0 = Release|Any CPU
		{C7BBEB06-98C8-4ECA-A5DC-9A708D847271}.Debug|Any CPU.ActiveCfg = Debug|Any CPU
		{C7BBEB06-98C8-4ECA-A5DC-9A708D847271}.Debug|Any CPU.Build.0 = Debug|Any CPU
		{C7BBEB06-98C8-4ECA-A5DC-9A708D847271}.Release|Any CPU.ActiveCfg = Release|Any CPU
		{C7BBEB06-98C8-4ECA-A5DC-9A708D847271}.Release|Any CPU.Build.0 = Release|Any CPU
		{46BA805B-5BA5-4633-AF76-3FB8B3274156}.Debug|Any CPU.ActiveCfg = Debug|Any CPU
		{46BA805B-5BA5-4633-AF76-3FB8B3274156}.Debug|Any CPU.Build.0 = Debug|Any CPU
		{46BA805B-5BA5-4633-AF76-3FB8B3274156}.Release|Any CPU.ActiveCfg = Release|Any CPU
		{46BA805B-5BA5-4633-AF76-3FB8B3274156}.Release|Any CPU.Build.0 = Release|Any CPU
		{5DA02244-9049-4F46-92D9-B787DD1DFE76}.Debug|Any CPU.ActiveCfg = Debug|Any CPU
		{5DA02244-9049-4F46-92D9-B787DD1DFE76}.Debug|Any CPU.Build.0 = Debug|Any CPU
		{5DA02244-9049-4F46-92D9-B787DD1DFE76}.Release|Any CPU.ActiveCfg = Release|Any CPU
		{5DA02244-9049-4F46-92D9-B787DD1DFE76}.Release|Any CPU.Build.0 = Release|Any CPU
		{44774A59-49C7-4155-9353-B4CC036BDB77}.Debug|Any CPU.ActiveCfg = Debug|Any CPU
		{44774A59-49C7-4155-9353-B4CC036BDB77}.Debug|Any CPU.Build.0 = Debug|Any CPU
		{44774A59-49C7-4155-9353-B4CC036BDB77}.Release|Any CPU.ActiveCfg = Release|Any CPU
		{44774A59-49C7-4155-9353-B4CC036BDB77}.Release|Any CPU.Build.0 = Release|Any CPU
		{24B4A405-2822-43E4-8D7D-BA222EEBA940}.Debug|Any CPU.ActiveCfg = Debug|Any CPU
		{24B4A405-2822-43E4-8D7D-BA222EEBA940}.Debug|Any CPU.Build.0 = Debug|Any CPU
		{24B4A405-2822-43E4-8D7D-BA222EEBA940}.Release|Any CPU.ActiveCfg = Release|Any CPU
		{24B4A405-2822-43E4-8D7D-BA222EEBA940}.Release|Any CPU.Build.0 = Release|Any CPU
		{21E79FDD-0586-4440-B721-A9AE9D72121E}.Debug|Any CPU.ActiveCfg = Debug|Any CPU
		{21E79FDD-0586-4440-B721-A9AE9D72121E}.Debug|Any CPU.Build.0 = Debug|Any CPU
		{21E79FDD-0586-4440-B721-A9AE9D72121E}.Release|Any CPU.ActiveCfg = Release|Any CPU
		{21E79FDD-0586-4440-B721-A9AE9D72121E}.Release|Any CPU.Build.0 = Release|Any CPU
		{4604B043-6C6A-45DF-B2D9-73565080D24A}.Debug|Any CPU.ActiveCfg = Debug|Any CPU
		{4604B043-6C6A-45DF-B2D9-73565080D24A}.Debug|Any CPU.Build.0 = Debug|Any CPU
		{4604B043-6C6A-45DF-B2D9-73565080D24A}.Release|Any CPU.ActiveCfg = Release|Any CPU
		{4604B043-6C6A-45DF-B2D9-73565080D24A}.Release|Any CPU.Build.0 = Release|Any CPU
	EndGlobalSection
	GlobalSection(SolutionProperties) = preSolution
		HideSolutionNode = FALSE
	EndGlobalSection
	GlobalSection(NestedProjects) = preSolution
		{4594D9DB-EC55-4E5C-9D79-2CD089F1D71B} = {47DE6AD7-FFA6-47CA-8991-FE347CA92B5C}
		{35236D6F-44F6-4310-82B7-4409E8B74ADB} = {7DC1F713-52D3-4FA2-BAEE-B4CDE64E1B7C}
		{64FCFED9-864B-4DE9-A3CA-E780317A7334} = {7DC1F713-52D3-4FA2-BAEE-B4CDE64E1B7C}
		{C7BBEB06-98C8-4ECA-A5DC-9A708D847271} = {7DC1F713-52D3-4FA2-BAEE-B4CDE64E1B7C}
		{E4362DED-340B-43A0-874D-3D11480C9703} = {3FFB90A4-3C80-4D7A-8123-C5DA7228570D}
		{45457A48-F992-4976-9FB6-34859EACEB1C} = {3FFB90A4-3C80-4D7A-8123-C5DA7228570D}
		{46BA805B-5BA5-4633-AF76-3FB8B3274156} = {45457A48-F992-4976-9FB6-34859EACEB1C}
		{5DA02244-9049-4F46-92D9-B787DD1DFE76} = {45457A48-F992-4976-9FB6-34859EACEB1C}
		{44774A59-49C7-4155-9353-B4CC036BDB77} = {6AE1830F-F0BC-40D7-99BC-963BFB4504F3}
		{24B4A405-2822-43E4-8D7D-BA222EEBA940} = {7DC1F713-52D3-4FA2-BAEE-B4CDE64E1B7C}
		{21E79FDD-0586-4440-B721-A9AE9D72121E} = {30B12D7A-8B9A-4817-A54E-71ED50DECF8A}
		{4604B043-6C6A-45DF-B2D9-73565080D24A} = {30B12D7A-8B9A-4817-A54E-71ED50DECF8A}
	EndGlobalSection
	GlobalSection(ExtensibilityGlobals) = postSolution
		SolutionGuid = {FD15C419-FAB1-45F4-995F-111CB1FEEFE7}
	EndGlobalSection
EndGlobal
